// !$*UTF8*$!
{
	archiveVersion = 1;
	classes = {
	};
	objectVersion = 55;
	objects = {

/* Begin PBXBuildFile section */
		46872F472925953A00DC10EF /* AppDelegate.swift in Sources */ = {isa = PBXBuildFile; fileRef = 46872F462925953A00DC10EF /* AppDelegate.swift */; };
		46872F492925953A00DC10EF /* SceneDelegate.swift in Sources */ = {isa = PBXBuildFile; fileRef = 46872F482925953A00DC10EF /* SceneDelegate.swift */; };
		46872F4E2925953A00DC10EF /* Main.storyboard in Resources */ = {isa = PBXBuildFile; fileRef = 46872F4C2925953A00DC10EF /* Main.storyboard */; };
		46872F502925953C00DC10EF /* Assets.xcassets in Resources */ = {isa = PBXBuildFile; fileRef = 46872F4F2925953C00DC10EF /* Assets.xcassets */; };
		46872F532925953C00DC10EF /* LaunchScreen.storyboard in Resources */ = {isa = PBXBuildFile; fileRef = 46872F512925953C00DC10EF /* LaunchScreen.storyboard */; };
		46872F5E2925983700DC10EF /* ListVC.swift in Sources */ = {isa = PBXBuildFile; fileRef = 46872F5D2925983700DC10EF /* ListVC.swift */; };
		46F5F73F292599DF00F9A907 /* UIViewController+Ext.swift in Sources */ = {isa = PBXBuildFile; fileRef = 46F5F73E292599DF00F9A907 /* UIViewController+Ext.swift */; };
		46F5F74229259D8500F9A907 /* TodoListApp.xcdatamodeld in Sources */ = {isa = PBXBuildFile; fileRef = 46F5F74029259D8500F9A907 /* TodoListApp.xcdatamodeld */; };
		46F5F74529259F6400F9A907 /* List+CoreDataClass.swift in Sources */ = {isa = PBXBuildFile; fileRef = 46F5F74329259F6400F9A907 /* List+CoreDataClass.swift */; };
		46F5F74629259F6400F9A907 /* List+CoreDataProperties.swift in Sources */ = {isa = PBXBuildFile; fileRef = 46F5F74429259F6400F9A907 /* List+CoreDataProperties.swift */; };
		46F5F7492925A23D00F9A907 /* ListViewModel.swift in Sources */ = {isa = PBXBuildFile; fileRef = 46F5F7482925A23D00F9A907 /* ListViewModel.swift */; };
		46F5F74B2925A2D100F9A907 /* CoreDataHelper.swift in Sources */ = {isa = PBXBuildFile; fileRef = 46F5F74A2925A2D100F9A907 /* CoreDataHelper.swift */; };
/* End PBXBuildFile section */

/* Begin PBXFileReference section */
		46872F432925953A00DC10EF /* TodoListApp.app */ = {isa = PBXFileReference; explicitFileType = wrapper.application; includeInIndex = 0; path = TodoListApp.app; sourceTree = BUILT_PRODUCTS_DIR; };
		46872F462925953A00DC10EF /* AppDelegate.swift */ = {isa = PBXFileReference; lastKnownFileType = sourcecode.swift; path = AppDelegate.swift; sourceTree = "<group>"; };
		46872F482925953A00DC10EF /* SceneDelegate.swift */ = {isa = PBXFileReference; lastKnownFileType = sourcecode.swift; path = SceneDelegate.swift; sourceTree = "<group>"; };
		46872F4D2925953A00DC10EF /* Base */ = {isa = PBXFileReference; lastKnownFileType = file.storyboard; name = Base; path = Base.lproj/Main.storyboard; sourceTree = "<group>"; };
		46872F4F2925953C00DC10EF /* Assets.xcassets */ = {isa = PBXFileReference; lastKnownFileType = folder.assetcatalog; path = Assets.xcassets; sourceTree = "<group>"; };
		46872F522925953C00DC10EF /* Base */ = {isa = PBXFileReference; lastKnownFileType = file.storyboard; name = Base; path = Base.lproj/LaunchScreen.storyboard; sourceTree = "<group>"; };
		46872F542925953C00DC10EF /* Info.plist */ = {isa = PBXFileReference; lastKnownFileType = text.plist.xml; path = Info.plist; sourceTree = "<group>"; };
		46872F5D2925983700DC10EF /* ListVC.swift */ = {isa = PBXFileReference; lastKnownFileType = sourcecode.swift; path = ListVC.swift; sourceTree = "<group>"; };
		46F5F73E292599DF00F9A907 /* UIViewController+Ext.swift */ = {isa = PBXFileReference; lastKnownFileType = sourcecode.swift; path = "UIViewController+Ext.swift"; sourceTree = "<group>"; };
		46F5F74129259D8500F9A907 /* TodoListApp.xcdatamodel */ = {isa = PBXFileReference; lastKnownFileType = wrapper.xcdatamodel; path = TodoListApp.xcdatamodel; sourceTree = "<group>"; };
		46F5F74329259F6400F9A907 /* List+CoreDataClass.swift */ = {isa = PBXFileReference; lastKnownFileType = sourcecode.swift; path = "List+CoreDataClass.swift"; sourceTree = "<group>"; };
		46F5F74429259F6400F9A907 /* List+CoreDataProperties.swift */ = {isa = PBXFileReference; lastKnownFileType = sourcecode.swift; path = "List+CoreDataProperties.swift"; sourceTree = "<group>"; };
		46F5F7482925A23D00F9A907 /* ListViewModel.swift */ = {isa = PBXFileReference; lastKnownFileType = sourcecode.swift; path = ListViewModel.swift; sourceTree = "<group>"; };
		46F5F74A2925A2D100F9A907 /* CoreDataHelper.swift */ = {isa = PBXFileReference; lastKnownFileType = sourcecode.swift; path = CoreDataHelper.swift; sourceTree = "<group>"; };
/* End PBXFileReference section */

/* Begin PBXFrameworksBuildPhase section */
		46872F402925953A00DC10EF /* Frameworks */ = {
			isa = PBXFrameworksBuildPhase;
			buildActionMask = 2147483647;
			files = (
			);
			runOnlyForDeploymentPostprocessing = 0;
		};
/* End PBXFrameworksBuildPhase section */

/* Begin PBXGroup section */
		46872F3A2925953A00DC10EF = {
			isa = PBXGroup;
			children = (
				46872F452925953A00DC10EF /* TodoListApp */,
				46872F442925953A00DC10EF /* Products */,
			);
			sourceTree = "<group>";
		};
		46872F442925953A00DC10EF /* Products */ = {
			isa = PBXGroup;
			children = (
				46872F432925953A00DC10EF /* TodoListApp.app */,
			);
			name = Products;
			sourceTree = "<group>";
		};
		46872F452925953A00DC10EF /* TodoListApp */ = {
			isa = PBXGroup;
			children = (
				46872F462925953A00DC10EF /* AppDelegate.swift */,
				46872F482925953A00DC10EF /* SceneDelegate.swift */,
				46872F5F2925996100DC10EF /* Helper */,
				46872F5C292597EE00DC10EF /* Model */,
				46872F5B292597E700DC10EF /* View */,
				46F5F7472925A1D300F9A907 /* ViewModel */,
				46872F4C2925953A00DC10EF /* Main.storyboard */,
				46872F4F2925953C00DC10EF /* Assets.xcassets */,
				46872F512925953C00DC10EF /* LaunchScreen.storyboard */,
				46872F542925953C00DC10EF /* Info.plist */,
				46F5F74029259D8500F9A907 /* TodoListApp.xcdatamodeld */,
			);
			path = TodoListApp;
			sourceTree = "<group>";
		};
		46872F5B292597E700DC10EF /* View */ = {
			isa = PBXGroup;
			children = (
				46872F5D2925983700DC10EF /* ListVC.swift */,
			);
			path = View;
			sourceTree = "<group>";
		};
		46872F5C292597EE00DC10EF /* Model */ = {
			isa = PBXGroup;
			children = (
			);
			path = Model;
			sourceTree = "<group>";
		};
		46872F5F2925996100DC10EF /* Helper */ = {
			isa = PBXGroup;
			children = (
				46F5F73E292599DF00F9A907 /* UIViewController+Ext.swift */,
				46F5F74329259F6400F9A907 /* List+CoreDataClass.swift */,
				46F5F74429259F6400F9A907 /* List+CoreDataProperties.swift */,
				46F5F74A2925A2D100F9A907 /* CoreDataHelper.swift */,
			);
			path = Helper;
			sourceTree = "<group>";
		};
		46F5F7472925A1D300F9A907 /* ViewModel */ = {
			isa = PBXGroup;
			children = (
				46F5F7482925A23D00F9A907 /* ListViewModel.swift */,
			);
			path = ViewModel;
			sourceTree = "<group>";
		};
/* End PBXGroup section */

/* Begin PBXNativeTarget section */
		46872F422925953A00DC10EF /* TodoListApp */ = {
			isa = PBXNativeTarget;
			buildConfigurationList = 46872F572925953C00DC10EF /* Build configuration list for PBXNativeTarget "TodoListApp" */;
			buildPhases = (
				46872F3F2925953A00DC10EF /* Sources */,
				46872F402925953A00DC10EF /* Frameworks */,
				46872F412925953A00DC10EF /* Resources */,
			);
			buildRules = (
			);
			dependencies = (
			);
			name = TodoListApp;
			productName = TodoListApp;
			productReference = 46872F432925953A00DC10EF /* TodoListApp.app */;
			productType = "com.apple.product-type.application";
		};
/* End PBXNativeTarget section */

/* Begin PBXProject section */
		46872F3B2925953A00DC10EF /* Project object */ = {
			isa = PBXProject;
			attributes = {
				BuildIndependentTargetsInParallel = 1;
				LastSwiftUpdateCheck = 1340;
				LastUpgradeCheck = 1340;
				TargetAttributes = {
					46872F422925953A00DC10EF = {
						CreatedOnToolsVersion = 13.4.1;
					};
				};
			};
			buildConfigurationList = 46872F3E2925953A00DC10EF /* Build configuration list for PBXProject "TodoListApp" */;
			compatibilityVersion = "Xcode 13.0";
			developmentRegion = en;
			hasScannedForEncodings = 0;
			knownRegions = (
				en,
				Base,
			);
			mainGroup = 46872F3A2925953A00DC10EF;
			productRefGroup = 46872F442925953A00DC10EF /* Products */;
			projectDirPath = "";
			projectRoot = "";
			targets = (
				46872F422925953A00DC10EF /* TodoListApp */,
			);
		};
/* End PBXProject section */

/* Begin PBXResourcesBuildPhase section */
		46872F412925953A00DC10EF /* Resources */ = {
			isa = PBXResourcesBuildPhase;
			buildActionMask = 2147483647;
			files = (
				46872F532925953C00DC10EF /* LaunchScreen.storyboard in Resources */,
				46872F502925953C00DC10EF /* Assets.xcassets in Resources */,
				46872F4E2925953A00DC10EF /* Main.storyboard in Resources */,
			);
			runOnlyForDeploymentPostprocessing = 0;
		};
/* End PBXResourcesBuildPhase section */

/* Begin PBXSourcesBuildPhase section */
		46872F3F2925953A00DC10EF /* Sources */ = {
			isa = PBXSourcesBuildPhase;
			buildActionMask = 2147483647;
			files = (
				46872F5E2925983700DC10EF /* ListVC.swift in Sources */,
				46F5F74529259F6400F9A907 /* List+CoreDataClass.swift in Sources */,
				46872F472925953A00DC10EF /* AppDelegate.swift in Sources */,
				46F5F73F292599DF00F9A907 /* UIViewController+Ext.swift in Sources */,
				46F5F74229259D8500F9A907 /* TodoListApp.xcdatamodeld in Sources */,
				46F5F74629259F6400F9A907 /* List+CoreDataProperties.swift in Sources */,
				46F5F74B2925A2D100F9A907 /* CoreDataHelper.swift in Sources */,
				46F5F7492925A23D00F9A907 /* ListViewModel.swift in Sources */,
				46872F492925953A00DC10EF /* SceneDelegate.swift in Sources */,
			);
			runOnlyForDeploymentPostprocessing = 0;
		};
/* End PBXSourcesBuildPhase section */

/* Begin PBXVariantGroup section */
		46872F4C2925953A00DC10EF /* Main.storyboard */ = {
			isa = PBXVariantGroup;
			children = (
				46872F4D2925953A00DC10EF /* Base */,
			);
			name = Main.storyboard;
			sourceTree = "<group>";
		};
		46872F512925953C00DC10EF /* LaunchScreen.storyboard */ = {
			isa = PBXVariantGroup;
			children = (
				46872F522925953C00DC10EF /* Base */,
			);
			name = LaunchScreen.storyboard;
			sourceTree = "<group>";
		};
/* End PBXVariantGroup section */

/* Begin XCBuildConfiguration section */
		46872F552925953C00DC10EF /* Debug */ = {
			isa = XCBuildConfiguration;
			buildSettings = {
				ALWAYS_SEARCH_USER_PATHS = NO;
				CLANG_ANALYZER_NONNULL = YES;
				CLANG_ANALYZER_NUMBER_OBJECT_CONVERSION = YES_AGGRESSIVE;
				CLANG_CXX_LANGUAGE_STANDARD = "gnu++17";
				CLANG_ENABLE_MODULES = YES;
				CLANG_ENABLE_OBJC_ARC = YES;
				CLANG_ENABLE_OBJC_WEAK = YES;
				CLANG_WARN_BLOCK_CAPTURE_AUTORELEASING = YES;
				CLANG_WARN_BOOL_CONVERSION = YES;
				CLANG_WARN_COMMA = YES;
				CLANG_WARN_CONSTANT_CONVERSION = YES;
				CLANG_WARN_DEPRECATED_OBJC_IMPLEMENTATIONS = YES;
				CLANG_WARN_DIRECT_OBJC_ISA_USAGE = YES_ERROR;
				CLANG_WARN_DOCUMENTATION_COMMENTS = YES;
				CLANG_WARN_EMPTY_BODY = YES;
				CLANG_WARN_ENUM_CONVERSION = YES;
				CLANG_WARN_INFINITE_RECURSION = YES;
				CLANG_WARN_INT_CONVERSION = YES;
				CLANG_WARN_NON_LITERAL_NULL_CONVERSION = YES;
				CLANG_WARN_OBJC_IMPLICIT_RETAIN_SELF = YES;
				CLANG_WARN_OBJC_LITERAL_CONVERSION = YES;
				CLANG_WARN_OBJC_ROOT_CLASS = YES_ERROR;
				CLANG_WARN_QUOTED_INCLUDE_IN_FRAMEWORK_HEADER = YES;
				CLANG_WARN_RANGE_LOOP_ANALYSIS = YES;
				CLANG_WARN_STRICT_PROTOTYPES = YES;
				CLANG_WARN_SUSPICIOUS_MOVE = YES;
				CLANG_WARN_UNGUARDED_AVAILABILITY = YES_AGGRESSIVE;
				CLANG_WARN_UNREACHABLE_CODE = YES;
				CLANG_WARN__DUPLICATE_METHOD_MATCH = YES;
				COPY_PHASE_STRIP = NO;
				DEBUG_INFORMATION_FORMAT = dwarf;
				ENABLE_STRICT_OBJC_MSGSEND = YES;
				ENABLE_TESTABILITY = YES;
				GCC_C_LANGUAGE_STANDARD = gnu11;
				GCC_DYNAMIC_NO_PIC = NO;
				GCC_NO_COMMON_BLOCKS = YES;
				GCC_OPTIMIZATION_LEVEL = 0;
				GCC_PREPROCESSOR_DEFINITIONS = (
					"DEBUG=1",
					"$(inherited)",
				);
				GCC_WARN_64_TO_32_BIT_CONVERSION = YES;
				GCC_WARN_ABOUT_RETURN_TYPE = YES_ERROR;
				GCC_WARN_UNDECLARED_SELECTOR = YES;
				GCC_WARN_UNINITIALIZED_AUTOS = YES_AGGRESSIVE;
				GCC_WARN_UNUSED_FUNCTION = YES;
				GCC_WARN_UNUSED_VARIABLE = YES;
				IPHONEOS_DEPLOYMENT_TARGET = 15.5;
				MTL_ENABLE_DEBUG_INFO = INCLUDE_SOURCE;
				MTL_FAST_MATH = YES;
				ONLY_ACTIVE_ARCH = YES;
				SDKROOT = iphoneos;
				SWIFT_ACTIVE_COMPILATION_CONDITIONS = DEBUG;
				SWIFT_OPTIMIZATION_LEVEL = "-Onone";
			};
			name = Debug;
		};
		46872F562925953C00DC10EF /* Release */ = {
			isa = XCBuildConfiguration;
			buildSettings = {
				ALWAYS_SEARCH_USER_PATHS = NO;
				CLANG_ANALYZER_NONNULL = YES;
				CLANG_ANALYZER_NUMBER_OBJECT_CONVERSION = YES_AGGRESSIVE;
				CLANG_CXX_LANGUAGE_STANDARD = "gnu++17";
				CLANG_ENABLE_MODULES = YES;
				CLANG_ENABLE_OBJC_ARC = YES;
				CLANG_ENABLE_OBJC_WEAK = YES;
				CLANG_WARN_BLOCK_CAPTURE_AUTORELEASING = YES;
				CLANG_WARN_BOOL_CONVERSION = YES;
				CLANG_WARN_COMMA = YES;
				CLANG_WARN_CONSTANT_CONVERSION = YES;
				CLANG_WARN_DEPRECATED_OBJC_IMPLEMENTATIONS = YES;
				CLANG_WARN_DIRECT_OBJC_ISA_USAGE = YES_ERROR;
				CLANG_WARN_DOCUMENTATION_COMMENTS = YES;
				CLANG_WARN_EMPTY_BODY = YES;
				CLANG_WARN_ENUM_CONVERSION = YES;
				CLANG_WARN_INFINITE_RECURSION = YES;
				CLANG_WARN_INT_CONVERSION = YES;
				CLANG_WARN_NON_LITERAL_NULL_CONVERSION = YES;
				CLANG_WARN_OBJC_IMPLICIT_RETAIN_SELF = YES;
				CLANG_WARN_OBJC_LITERAL_CONVERSION = YES;
				CLANG_WARN_OBJC_ROOT_CLASS = YES_ERROR;
				CLANG_WARN_QUOTED_INCLUDE_IN_FRAMEWORK_HEADER = YES;
				CLANG_WARN_RANGE_LOOP_ANALYSIS = YES;
				CLANG_WARN_STRICT_PROTOTYPES = YES;
				CLANG_WARN_SUSPICIOUS_MOVE = YES;
				CLANG_WARN_UNGUARDED_AVAILABILITY = YES_AGGRESSIVE;
				CLANG_WARN_UNREACHABLE_CODE = YES;
				CLANG_WARN__DUPLICATE_METHOD_MATCH = YES;
				COPY_PHASE_STRIP = NO;
				DEBUG_INFORMATION_FORMAT = "dwarf-with-dsym";
				ENABLE_NS_ASSERTIONS = NO;
				ENABLE_STRICT_OBJC_MSGSEND = YES;
				GCC_C_LANGUAGE_STANDARD = gnu11;
				GCC_NO_COMMON_BLOCKS = YES;
				GCC_WARN_64_TO_32_BIT_CONVERSION = YES;
				GCC_WARN_ABOUT_RETURN_TYPE = YES_ERROR;
				GCC_WARN_UNDECLARED_SELECTOR = YES;
				GCC_WARN_UNINITIALIZED_AUTOS = YES_AGGRESSIVE;
				GCC_WARN_UNUSED_FUNCTION = YES;
				GCC_WARN_UNUSED_VARIABLE = YES;
				IPHONEOS_DEPLOYMENT_TARGET = 15.5;
				MTL_ENABLE_DEBUG_INFO = NO;
				MTL_FAST_MATH = YES;
				SDKROOT = iphoneos;
				SWIFT_COMPILATION_MODE = wholemodule;
				SWIFT_OPTIMIZATION_LEVEL = "-O";
				VALIDATE_PRODUCT = YES;
			};
			name = Release;
		};
		46872F582925953C00DC10EF /* Debug */ = {
			isa = XCBuildConfiguration;
			buildSettings = {
				ASSETCATALOG_COMPILER_APPICON_NAME = AppIcon;
				ASSETCATALOG_COMPILER_GLOBAL_ACCENT_COLOR_NAME = AccentColor;
				CODE_SIGN_STYLE = Automatic;
				CURRENT_PROJECT_VERSION = 1;
				DEVELOPMENT_TEAM = 9G7B4YDXYH;
				GENERATE_INFOPLIST_FILE = YES;
				INFOPLIST_FILE = TodoListApp/Info.plist;
				INFOPLIST_KEY_UIApplicationSupportsIndirectInputEvents = YES;
				INFOPLIST_KEY_UILaunchStoryboardName = LaunchScreen;
				INFOPLIST_KEY_UIMainStoryboardFile = Main;
				INFOPLIST_KEY_UISupportedInterfaceOrientations_iPad = "UIInterfaceOrientationPortrait UIInterfaceOrientationPortraitUpsideDown UIInterfaceOrientationLandscapeLeft UIInterfaceOrientationLandscapeRight";
				INFOPLIST_KEY_UISupportedInterfaceOrientations_iPhone = "UIInterfaceOrientationPortrait UIInterfaceOrientationLandscapeLeft UIInterfaceOrientationLandscapeRight";
				LD_RUNPATH_SEARCH_PATHS = (
					"$(inherited)",
					"@executable_path/Frameworks",
				);
				MARKETING_VERSION = 1.0;
				PRODUCT_BUNDLE_IDENTIFIER = com.murathaslak.TodoListApp;
				PRODUCT_NAME = "$(TARGET_NAME)";
				SWIFT_EMIT_LOC_STRINGS = YES;
				SWIFT_VERSION = 5.0;
				TARGETED_DEVICE_FAMILY = "1,2";
			};
			name = Debug;
		};
		46872F592925953C00DC10EF /* Release */ = {
			isa = XCBuildConfiguration;
			buildSettings = {
				ASSETCATALOG_COMPILER_APPICON_NAME = AppIcon;
				ASSETCATALOG_COMPILER_GLOBAL_ACCENT_COLOR_NAME = AccentColor;
				CODE_SIGN_STYLE = Automatic;
				CURRENT_PROJECT_VERSION = 1;
				DEVELOPMENT_TEAM = 9G7B4YDXYH;
				GENERATE_INFOPLIST_FILE = YES;
				INFOPLIST_FILE = TodoListApp/Info.plist;
				INFOPLIST_KEY_UIApplicationSupportsIndirectInputEvents = YES;
				INFOPLIST_KEY_UILaunchStoryboardName = LaunchScreen;
				INFOPLIST_KEY_UIMainStoryboardFile = Main;
				INFOPLIST_KEY_UISupportedInterfaceOrientations_iPad = "UIInterfaceOrientationPortrait UIInterfaceOrientationPortraitUpsideDown UIInterfaceOrientationLandscapeLeft UIInterfaceOrientationLandscapeRight";
				INFOPLIST_KEY_UISupportedInterfaceOrientations_iPhone = "UIInterfaceOrientationPortrait UIInterfaceOrientationLandscapeLeft UIInterfaceOrientationLandscapeRight";
				LD_RUNPATH_SEARCH_PATHS = (
					"$(inherited)",
					"@executable_path/Frameworks",
				);
				MARKETING_VERSION = 1.0;
				PRODUCT_BUNDLE_IDENTIFIER = com.murathaslak.TodoListApp;
				PRODUCT_NAME = "$(TARGET_NAME)";
				SWIFT_EMIT_LOC_STRINGS = YES;
				SWIFT_VERSION = 5.0;
				TARGETED_DEVICE_FAMILY = "1,2";
			};
			name = Release;
		};
/* End XCBuildConfiguration section */

/* Begin XCConfigurationList section */
		46872F3E2925953A00DC10EF /* Build configuration list for PBXProject "TodoListApp" */ = {
			isa = XCConfigurationList;
			buildConfigurations = (
				46872F552925953C00DC10EF /* Debug */,
				46872F562925953C00DC10EF /* Release */,
			);
			defaultConfigurationIsVisible = 0;
			defaultConfigurationName = Release;
		};
		46872F572925953C00DC10EF /* Build configuration list for PBXNativeTarget "TodoListApp" */ = {
			isa = XCConfigurationList;
			buildConfigurations = (
				46872F582925953C00DC10EF /* Debug */,
				46872F592925953C00DC10EF /* Release */,
			);
			defaultConfigurationIsVisible = 0;
			defaultConfigurationName = Release;
		};
/* End XCConfigurationList section */

/* Begin XCVersionGroup section */
		46F5F74029259D8500F9A907 /* TodoListApp.xcdatamodeld */ = {
			isa = XCVersionGroup;
			children = (
				46F5F74129259D8500F9A907 /* TodoListApp.xcdatamodel */,
			);
			currentVersion = 46F5F74129259D8500F9A907 /* TodoListApp.xcdatamodel */;
			path = TodoListApp.xcdatamodeld;
			sourceTree = "<group>";
			versionGroupType = wrapper.xcdatamodel;
		};
/* End XCVersionGroup section */
	};
	rootObject = 46872F3B2925953A00DC10EF /* Project object */;
}
